// !$*UTF8*$!
{
	archiveVersion = 1;
	classes = {
	};
	objectVersion = 46;
	objects = {

/* Begin PBXBuildFile section */
		38AAE56419CEAC0B00BEA7FB /* TwitterReverseAuth.h in CopyFiles */ = {isa = PBXBuildFile; fileRef = 38AAE56319CEAC0B00BEA7FB /* TwitterReverseAuth.h */; };
		38AAE56619CEAC0B00BEA7FB /* TwitterReverseAuth.m in Sources */ = {isa = PBXBuildFile; fileRef = 38AAE56519CEAC0B00BEA7FB /* TwitterReverseAuth.m */; };
		38AAE57819CEB77100BEA7FB /* TwitterReverseAuthTests.m in Sources */ = {isa = PBXBuildFile; fileRef = 38AAE57719CEB77100BEA7FB /* TwitterReverseAuthTests.m */; };
		892579047694452C948953E5 /* libPods.a in Frameworks */ = {isa = PBXBuildFile; fileRef = 51F2ECC0ABA14B97AC3B23DC /* libPods.a */; };
/* End PBXBuildFile section */

/* Begin PBXCopyFilesBuildPhase section */
		38AAE55E19CEAC0B00BEA7FB /* CopyFiles */ = {
			isa = PBXCopyFilesBuildPhase;
			buildActionMask = 2147483647;
			dstPath = "include/$(PRODUCT_NAME)";
			dstSubfolderSpec = 16;
			files = (
				38AAE56419CEAC0B00BEA7FB /* TwitterReverseAuth.h in CopyFiles */,
			);
			runOnlyForDeploymentPostprocessing = 0;
		};
/* End PBXCopyFilesBuildPhase section */

/* Begin PBXFileReference section */
		38AAE56019CEAC0B00BEA7FB /* libTwitterReverseAuth.a */ = {isa = PBXFileReference; explicitFileType = archive.ar; includeInIndex = 0; path = libTwitterReverseAuth.a; sourceTree = BUILT_PRODUCTS_DIR; };
		38AAE56319CEAC0B00BEA7FB /* TwitterReverseAuth.h */ = {isa = PBXFileReference; lastKnownFileType = sourcecode.c.h; path = TwitterReverseAuth.h; sourceTree = "<group>"; };
		38AAE56519CEAC0B00BEA7FB /* TwitterReverseAuth.m */ = {isa = PBXFileReference; lastKnownFileType = sourcecode.c.objc; path = TwitterReverseAuth.m; sourceTree = "<group>"; };
		38AAE56B19CEAC0B00BEA7FB /* TwitterReverseAuthTests.xctest */ = {isa = PBXFileReference; explicitFileType = wrapper.cfbundle; includeInIndex = 0; path = TwitterReverseAuthTests.xctest; sourceTree = BUILT_PRODUCTS_DIR; };
		38AAE56E19CEAC0B00BEA7FB /* Info.plist */ = {isa = PBXFileReference; lastKnownFileType = text.plist.xml; path = Info.plist; sourceTree = "<group>"; };
		38AAE57719CEB77100BEA7FB /* TwitterReverseAuthTests.m */ = {isa = PBXFileReference; fileEncoding = 4; lastKnownFileType = sourcecode.c.objc; path = TwitterReverseAuthTests.m; sourceTree = "<group>"; };
		51F2ECC0ABA14B97AC3B23DC /* libPods.a */ = {isa = PBXFileReference; explicitFileType = archive.ar; includeInIndex = 0; path = libPods.a; sourceTree = BUILT_PRODUCTS_DIR; };
		A8799D4A7699482A873C8031 /* Pods.xcconfig */ = {isa = PBXFileReference; includeInIndex = 1; lastKnownFileType = text.xcconfig; name = Pods.xcconfig; path = Pods/Pods.xcconfig; sourceTree = "<group>"; };
/* End PBXFileReference section */

/* Begin PBXFrameworksBuildPhase section */
		38AAE55D19CEAC0B00BEA7FB /* Frameworks */ = {
			isa = PBXFrameworksBuildPhase;
			buildActionMask = 2147483647;
			files = (
				892579047694452C948953E5 /* libPods.a in Frameworks */,
			);
			runOnlyForDeploymentPostprocessing = 0;
		};
		38AAE56819CEAC0B00BEA7FB /* Frameworks */ = {
			isa = PBXFrameworksBuildPhase;
			buildActionMask = 2147483647;
			files = (
			);
			runOnlyForDeploymentPostprocessing = 0;
		};
/* End PBXFrameworksBuildPhase section */

/* Begin PBXGroup section */
		38AAE55719CEAC0B00BEA7FB = {
			isa = PBXGroup;
			children = (
				38AAE56219CEAC0B00BEA7FB /* TwitterReverseAuth */,
				38AAE56C19CEAC0B00BEA7FB /* TwitterReverseAuthTests */,
				38AAE56119CEAC0B00BEA7FB /* Products */,
				A8799D4A7699482A873C8031 /* Pods.xcconfig */,
				7F0F5582681E4E0CAD8B73B3 /* Frameworks */,
			);
			sourceTree = "<group>";
		};
		38AAE56119CEAC0B00BEA7FB /* Products */ = {
			isa = PBXGroup;
			children = (
				38AAE56019CEAC0B00BEA7FB /* libTwitterReverseAuth.a */,
				38AAE56B19CEAC0B00BEA7FB /* TwitterReverseAuthTests.xctest */,
			);
			name = Products;
			sourceTree = "<group>";
		};
		38AAE56219CEAC0B00BEA7FB /* TwitterReverseAuth */ = {
			isa = PBXGroup;
			children = (
				38AAE56319CEAC0B00BEA7FB /* TwitterReverseAuth.h */,
				38AAE56519CEAC0B00BEA7FB /* TwitterReverseAuth.m */,
			);
			path = TwitterReverseAuth;
			sourceTree = "<group>";
		};
		38AAE56C19CEAC0B00BEA7FB /* TwitterReverseAuthTests */ = {
			isa = PBXGroup;
			children = (
				38AAE56D19CEAC0B00BEA7FB /* Supporting Files */,
				38AAE57719CEB77100BEA7FB /* TwitterReverseAuthTests.m */,
			);
			path = TwitterReverseAuthTests;
			sourceTree = "<group>";
		};
		38AAE56D19CEAC0B00BEA7FB /* Supporting Files */ = {
			isa = PBXGroup;
			children = (
				38AAE56E19CEAC0B00BEA7FB /* Info.plist */,
			);
			name = "Supporting Files";
			sourceTree = "<group>";
		};
		7F0F5582681E4E0CAD8B73B3 /* Frameworks */ = {
			isa = PBXGroup;
			children = (
				51F2ECC0ABA14B97AC3B23DC /* libPods.a */,
			);
			name = Frameworks;
			sourceTree = "<group>";
		};
/* End PBXGroup section */

/* Begin PBXNativeTarget section */
		38AAE55F19CEAC0B00BEA7FB /* TwitterReverseAuth */ = {
			isa = PBXNativeTarget;
			buildConfigurationList = 38AAE57119CEAC0B00BEA7FB /* Build configuration list for PBXNativeTarget "TwitterReverseAuth" */;
			buildPhases = (
				E1574BA69BF34926B7278563 /* Check Pods Manifest.lock */,
				38AAE55C19CEAC0B00BEA7FB /* Sources */,
				38AAE55D19CEAC0B00BEA7FB /* Frameworks */,
				38AAE55E19CEAC0B00BEA7FB /* CopyFiles */,
				C178CED3F34049A0806450CB /* Copy Pods Resources */,
			);
			buildRules = (
			);
			dependencies = (
			);
			name = TwitterReverseAuth;
			productName = TwitterReverseAuth;
			productReference = 38AAE56019CEAC0B00BEA7FB /* libTwitterReverseAuth.a */;
			productType = "com.apple.product-type.library.static";
		};
		38AAE56A19CEAC0B00BEA7FB /* TwitterReverseAuthTests */ = {
			isa = PBXNativeTarget;
			buildConfigurationList = 38AAE57419CEAC0B00BEA7FB /* Build configuration list for PBXNativeTarget "TwitterReverseAuthTests" */;
			buildPhases = (
				38AAE56719CEAC0B00BEA7FB /* Sources */,
				38AAE56819CEAC0B00BEA7FB /* Frameworks */,
				38AAE56919CEAC0B00BEA7FB /* Resources */,
			);
			buildRules = (
			);
			dependencies = (
			);
			name = TwitterReverseAuthTests;
			productName = TwitterReverseAuthTests;
			productReference = 38AAE56B19CEAC0B00BEA7FB /* TwitterReverseAuthTests.xctest */;
			productType = "com.apple.product-type.bundle.unit-test";
		};
/* End PBXNativeTarget section */

/* Begin PBXProject section */
		38AAE55819CEAC0B00BEA7FB /* Project object */ = {
			isa = PBXProject;
			attributes = {
				LastUpgradeCheck = 0600;
				ORGANIZATIONNAME = youknowone.org;
				TargetAttributes = {
					38AAE55F19CEAC0B00BEA7FB = {
						CreatedOnToolsVersion = 6.0.1;
					};
					38AAE56A19CEAC0B00BEA7FB = {
						CreatedOnToolsVersion = 6.0.1;
					};
				};
			};
			buildConfigurationList = 38AAE55B19CEAC0B00BEA7FB /* Build configuration list for PBXProject "TwitterReverseAuth" */;
			compatibilityVersion = "Xcode 3.2";
			developmentRegion = English;
			hasScannedForEncodings = 0;
			knownRegions = (
				en,
			);
			mainGroup = 38AAE55719CEAC0B00BEA7FB;
			productRefGroup = 38AAE56119CEAC0B00BEA7FB /* Products */;
			projectDirPath = "";
			projectRoot = "";
			targets = (
				38AAE55F19CEAC0B00BEA7FB /* TwitterReverseAuth */,
				38AAE56A19CEAC0B00BEA7FB /* TwitterReverseAuthTests */,
			);
		};
/* End PBXProject section */

/* Begin PBXResourcesBuildPhase section */
		38AAE56919CEAC0B00BEA7FB /* Resources */ = {
			isa = PBXResourcesBuildPhase;
			buildActionMask = 2147483647;
			files = (
			);
			runOnlyForDeploymentPostprocessing = 0;
		};
/* End PBXResourcesBuildPhase section */

/* Begin PBXShellScriptBuildPhase section */
		C178CED3F34049A0806450CB /* Copy Pods Resources */ = {
			isa = PBXShellScriptBuildPhase;
			buildActionMask = 2147483647;
			files = (
			);
			inputPaths = (
			);
			name = "Copy Pods Resources";
			outputPaths = (
			);
			runOnlyForDeploymentPostprocessing = 0;
			shellPath = /bin/sh;
			shellScript = "\"${SRCROOT}/Pods/Pods-resources.sh\"\n";
			showEnvVarsInLog = 0;
		};
		E1574BA69BF34926B7278563 /* Check Pods Manifest.lock */ = {
			isa = PBXShellScriptBuildPhase;
			buildActionMask = 2147483647;
			files = (
			);
			inputPaths = (
			);
			name = "Check Pods Manifest.lock";
			outputPaths = (
			);
			runOnlyForDeploymentPostprocessing = 0;
			shellPath = /bin/sh;
			shellScript = "diff \"${PODS_ROOT}/../Podfile.lock\" \"${PODS_ROOT}/Manifest.lock\" > /dev/null\nif [[ $? != 0 ]] ; then\n    cat << EOM\nerror: The sandbox is not in sync with the Podfile.lock. Run 'pod install' or update your CocoaPods installation.\nEOM\n    exit 1\nfi\n";
			showEnvVarsInLog = 0;
		};
/* End PBXShellScriptBuildPhase section */

/* Begin PBXSourcesBuildPhase section */
		38AAE55C19CEAC0B00BEA7FB /* Sources */ = {
			isa = PBXSourcesBuildPhase;
			buildActionMask = 2147483647;
			files = (
				38AAE56619CEAC0B00BEA7FB /* TwitterReverseAuth.m in Sources */,
			);
			runOnlyForDeploymentPostprocessing = 0;
		};
		38AAE56719CEAC0B00BEA7FB /* Sources */ = {
			isa = PBXSourcesBuildPhase;
			buildActionMask = 2147483647;
			files = (
				38AAE57819CEB77100BEA7FB /* TwitterReverseAuthTests.m in Sources */,
			);
			runOnlyForDeploymentPostprocessing = 0;
		};
/* End PBXSourcesBuildPhase section */

/* Begin XCBuildConfiguration section */
		38AAE56F19CEAC0B00BEA7FB /* Debug */ = {
			isa = XCBuildConfiguration;
			buildSettings = {
				CLANG_CXX_LANGUAGE_STANDARD = "gnu++0x";
				CLANG_CXX_LIBRARY = "libc++";
				CLANG_ENABLE_MODULES = YES;
				CLANG_ENABLE_OBJC_ARC = YES;
				CLANG_WARN_BOOL_CONVERSION = YES;
				CLANG_WARN_CONSTANT_CONVERSION = YES;
				CLANG_WARN_DIRECT_OBJC_ISA_USAGE = YES_ERROR;
				CLANG_WARN_EMPTY_BODY = YES;
				CLANG_WARN_ENUM_CONVERSION = YES;
				CLANG_WARN_INT_CONVERSION = YES;
				CLANG_WARN_OBJC_ROOT_CLASS = YES_ERROR;
				CLANG_WARN_UNREACHABLE_CODE = YES;
				CLANG_WARN__DUPLICATE_METHOD_MATCH = YES;
				COPY_PHASE_STRIP = NO;
				ENABLE_STRICT_OBJC_MSGSEND = YES;
				GCC_C_LANGUAGE_STANDARD = gnu99;
				GCC_DYNAMIC_NO_PIC = NO;
				GCC_OPTIMIZATION_LEVEL = 0;
				GCC_PREPROCESSOR_DEFINITIONS = (
					"DEBUG=1",
					"$(inherited)",
				);
				GCC_SYMBOLS_PRIVATE_EXTERN = NO;
				GCC_WARN_64_TO_32_BIT_CONVERSION = YES;
				GCC_WARN_ABOUT_RETURN_TYPE = YES_ERROR;
				GCC_WARN_UNDECLARED_SELECTOR = YES;
				GCC_WARN_UNINITIALIZED_AUTOS = YES_AGGRESSIVE;
				GCC_WARN_UNUSED_FUNCTION = YES;
				GCC_WARN_UNUSED_VARIABLE = YES;
				IPHONEOS_DEPLOYMENT_TARGET = 8.0;
				MTL_ENABLE_DEBUG_INFO = YES;
				ONLY_ACTIVE_ARCH = YES;
				SDKROOT = iphoneos;
			};
			name = Debug;
		};
		38AAE57019CEAC0B00BEA7FB /* Release */ = {
			isa = XCBuildConfiguration;
			buildSettings = {
				CLANG_CXX_LANGUAGE_STANDARD = "gnu++0x";
				CLANG_CXX_LIBRARY = "libc++";
				CLANG_ENABLE_MODULES = YES;
				CLANG_ENABLE_OBJC_ARC = YES;
				CLANG_WARN_BOOL_CONVERSION = YES;
				CLANG_WARN_CONSTANT_CONVERSION = YES;
				CLANG_WARN_DIRECT_OBJC_ISA_USAGE = YES_ERROR;
				CLANG_WARN_EMPTY_BODY = YES;
				CLANG_WARN_ENUM_CONVERSION = YES;
				CLANG_WARN_INT_CONVERSION = YES;
				CLANG_WARN_OBJC_ROOT_CLASS = YES_ERROR;
				CLANG_WARN_UNREACHABLE_CODE = YES;
				CLANG_WARN__DUPLICATE_METHOD_MATCH = YES;
				COPY_PHASE_STRIP = YES;
				ENABLE_NS_ASSERTIONS = NO;
				ENABLE_STRICT_OBJC_MSGSEND = YES;
				GCC_C_LANGUAGE_STANDARD = gnu99;
				GCC_WARN_64_TO_32_BIT_CONVERSION = YES;
				GCC_WARN_ABOUT_RETURN_TYPE = YES_ERROR;
				GCC_WARN_UNDECLARED_SELECTOR = YES;
				GCC_WARN_UNINITIALIZED_AUTOS = YES_AGGRESSIVE;
				GCC_WARN_UNUSED_FUNCTION = YES;
				GCC_WARN_UNUSED_VARIABLE = YES;
				IPHONEOS_DEPLOYMENT_TARGET = 8.0;
				MTL_ENABLE_DEBUG_INFO = NO;
				SDKROOT = iphoneos;
				VALIDATE_PRODUCT = YES;
			};
			name = Release;
		};
		38AAE57219CEAC0B00BEA7FB /* Debug */ = {
			isa = XCBuildConfiguration;
			baseConfigurationReference = A8799D4A7699482A873C8031 /* Pods.xcconfig */;
			buildSettings = {
				PRODUCT_NAME = "$(TARGET_NAME)";
				SKIP_INSTALL = YES;
			};
			name = Debug;
		};
		38AAE57319CEAC0B00BEA7FB /* Release */ = {
			isa = XCBuildConfiguration;
			baseConfigurationReference = A8799D4A7699482A873C8031 /* Pods.xcconfig */;
			buildSettings = {
				PRODUCT_NAME = "$(TARGET_NAME)";
				SKIP_INSTALL = YES;
			};
			name = Release;
		};
		38AAE57519CEAC0B00BEA7FB /* Debug */ = {
			isa = XCBuildConfiguration;
			baseConfigurationReference = A8799D4A7699482A873C8031 /* Pods.xcconfig */;
			buildSettings = {
				FRAMEWORK_SEARCH_PATHS = (
					"$(SDKROOT)/Developer/Library/Frameworks",
					"$(inherited)",
				);
				GCC_PREPROCESSOR_DEFINITIONS = (
					"DEBUG=1",
					"$(inherited)",
				);
				INFOPLIST_FILE = TwitterReverseAuthTests/Info.plist;
				LD_RUNPATH_SEARCH_PATHS = "$(inherited) @executable_path/Frameworks @loader_path/Frameworks";
				PRODUCT_NAME = "$(TARGET_NAME)";
			};
			name = Debug;
		};
		38AAE57619CEAC0B00BEA7FB /* Release */ = {
			isa = XCBuildConfiguration;
			baseConfigurationReference = A8799D4A7699482A873C8031 /* Pods.xcconfig */;
			buildSettings = {
				FRAMEWORK_SEARCH_PATHS = (
					"$(SDKROOT)/Developer/Library/Frameworks",
					"$(inherited)",
				);
				INFOPLIST_FILE = TwitterReverseAuthTests/Info.plist;
				LD_RUNPATH_SEARCH_PATHS = "$(inherited) @executable_path/Frameworks @loader_path/Frameworks";
				PRODUCT_NAME = "$(TARGET_NAME)";
			};
			name = Release;
		};
/* End XCBuildConfiguration section */

/* Begin XCConfigurationList section */
		38AAE55B19CEAC0B00BEA7FB /* Build configuration list for PBXProject "TwitterReverseAuth" */ = {
			isa = XCConfigurationList;
			buildConfigurations = (
				38AAE56F19CEAC0B00BEA7FB /* Debug */,
				38AAE57019CEAC0B00BEA7FB /* Release */,
			);
			defaultConfigurationIsVisible = 0;
			defaultConfigurationName = Release;
		};
		38AAE57119CEAC0B00BEA7FB /* Build configuration list for PBXNativeTarget "TwitterReverseAuth" */ = {
			isa = XCConfigurationList;
			buildConfigurations = (
				38AAE57219CEAC0B00BEA7FB /* Debug */,
				38AAE57319CEAC0B00BEA7FB /* Release */,
			);
			defaultConfigurationIsVisible = 0;
			defaultConfigurationName = Release;
		};
		38AAE57419CEAC0B00BEA7FB /* Build configuration list for PBXNativeTarget "TwitterReverseAuthTests" */ = {
			isa = XCConfigurationList;
			buildConfigurations = (
				38AAE57519CEAC0B00BEA7FB /* Debug */,
				38AAE57619CEAC0B00BEA7FB /* Release */,
			);
			defaultConfigurationIsVisible = 0;
			defaultConfigurationName = Release;
		};
/* End XCConfigurationList section */
	};
	rootObject = 38AAE55819CEAC0B00BEA7FB /* Project object */;
}
